
Microsoft Visual Studio Solution File, Format Version 12.00
# Visual Studio Version 17
VisualStudioVersion = 17.3.32922.545
MinimumVisualStudioVersion = 10.0.40219.1
Project("{FAE04EC0-301F-11D3-BF4B-00C04F79EFBC}") = "Backend", "Backend\Backend.csproj", "{849CCF5D-D535-408A-B920-6DB84A70CB32}"
EndProject
Global
	GlobalSection(SolutionConfigurationPlatforms) = preSolution
		Debug|Any CPU = Debug|Any CPU
		Release|Any CPU = Release|Any CPU
	EndGlobalSection
	GlobalSection(ProjectConfigurationPlatforms) = postSolution
		{849CCF5D-D535-408A-B920-6DB84A70CB32}.Debug|Any CPU.ActiveCfg = Debug|Any CPU
		{849CCF5D-D535-408A-B920-6DB84A70CB32}.Debug|Any CPU.Build.0 = Debug|Any CPU
		{849CCF5D-D535-408A-B920-6DB84A70CB32}.Release|Any CPU.ActiveCfg = Release|Any CPU
		{849CCF5D-D535-408A-B920-6DB84A70CB32}.Release|Any CPU.Build.0 = Release|Any CPU
	EndGlobalSection
	GlobalSection(SolutionProperties) = preSolution
		HideSolutionNode = FALSE
	EndGlobalSection
	GlobalSection(ExtensibilityGlobals) = postSolution
		SolutionGuid = {16D2D992-202C-4D62-B606-603124AF0F09}
	EndGlobalSection
EndGlobal
