
Microsoft Visual Studio Solution File, Format Version 12.00
# Visual Studio Version 17
VisualStudioVersion = 17.4.33122.133
MinimumVisualStudioVersion = 10.0.40219.1
Project("{FAE04EC0-301F-11D3-BF4B-00C04F79EFBC}") = "Backend", "Backend\Backend.csproj", "{01FD392E-34A3-4E50-B312-ACE4E3F62B85}"
EndProject
Global
	GlobalSection(SolutionConfigurationPlatforms) = preSolution
		Debug|Any CPU = Debug|Any CPU
		Release|Any CPU = Release|Any CPU
	EndGlobalSection
	GlobalSection(ProjectConfigurationPlatforms) = postSolution
		{01FD392E-34A3-4E50-B312-ACE4E3F62B85}.Debug|Any CPU.ActiveCfg = Debug|Any CPU
		{01FD392E-34A3-4E50-B312-ACE4E3F62B85}.Debug|Any CPU.Build.0 = Debug|Any CPU
		{01FD392E-34A3-4E50-B312-ACE4E3F62B85}.Release|Any CPU.ActiveCfg = Release|Any CPU
		{01FD392E-34A3-4E50-B312-ACE4E3F62B85}.Release|Any CPU.Build.0 = Release|Any CPU
	EndGlobalSection
	GlobalSection(SolutionProperties) = preSolution
		HideSolutionNode = FALSE
	EndGlobalSection
	GlobalSection(ExtensibilityGlobals) = postSolution
		SolutionGuid = {799A54AB-8B4D-4458-81F5-3E5493611255}
	EndGlobalSection
EndGlobal
