
Microsoft Visual Studio Solution File, Format Version 12.00
# Visual Studio Version 17
VisualStudioVersion = 17.3.32922.545
MinimumVisualStudioVersion = 10.0.40219.1
Project("{9A19103F-16F7-4668-BE54-9A1E7A4F7556}") = "Backend_IPCA_Gym", "Backend_IPCA_Gym\Backend_IPCA_Gym.csproj", "{CA305BB6-DC05-46BA-84C5-DAD77DAFA118}"
EndProject
Global
	GlobalSection(SolutionConfigurationPlatforms) = preSolution
		Debug|Any CPU = Debug|Any CPU
		Release|Any CPU = Release|Any CPU
	EndGlobalSection
	GlobalSection(ProjectConfigurationPlatforms) = postSolution
		{CA305BB6-DC05-46BA-84C5-DAD77DAFA118}.Debug|Any CPU.ActiveCfg = Debug|Any CPU
		{CA305BB6-DC05-46BA-84C5-DAD77DAFA118}.Debug|Any CPU.Build.0 = Debug|Any CPU
		{CA305BB6-DC05-46BA-84C5-DAD77DAFA118}.Release|Any CPU.ActiveCfg = Release|Any CPU
		{CA305BB6-DC05-46BA-84C5-DAD77DAFA118}.Release|Any CPU.Build.0 = Release|Any CPU
	EndGlobalSection
	GlobalSection(SolutionProperties) = preSolution
		HideSolutionNode = FALSE
	EndGlobalSection
	GlobalSection(ExtensibilityGlobals) = postSolution
		SolutionGuid = {22CE79F6-3B84-4244-B28A-5445B027C4EB}
	EndGlobalSection
EndGlobal
