
Microsoft Visual Studio Solution File, Format Version 12.00
# Visual Studio Version 17
VisualStudioVersion = 17.3.32922.545
MinimumVisualStudioVersion = 10.0.40219.1
Project("{9A19103F-16F7-4668-BE54-9A1E7A4F7556}") = "Backend_IPCA_Gym", "Backend_IPCA_Gym\Backend_IPCA_Gym.csproj", "{CA305BB6-DC05-46BA-84C5-DAD77DAFA118}"
EndProject
Project("{FAE04EC0-301F-11D3-BF4B-00C04F79EFBC}") = "LayerBOL", "LayerBOL\LayerBOL.csproj", "{F2E30E95-A701-48E1-B730-7B90C32872A4}"
EndProject
Project("{FAE04EC0-301F-11D3-BF4B-00C04F79EFBC}") = "LayerDAL", "LayerDAL\LayerDAL.csproj", "{DD844C43-ECD1-4904-B413-B2A8C09C1938}"
EndProject
Project("{FAE04EC0-301F-11D3-BF4B-00C04F79EFBC}") = "LayerBLL", "LayerBLL\LayerBLL.csproj", "{62F77294-E2B4-491F-843B-4D5E1A7224A0}"
EndProject
Global
	GlobalSection(SolutionConfigurationPlatforms) = preSolution
		Debug|Any CPU = Debug|Any CPU
		Release|Any CPU = Release|Any CPU
	EndGlobalSection
	GlobalSection(ProjectConfigurationPlatforms) = postSolution
		{CA305BB6-DC05-46BA-84C5-DAD77DAFA118}.Debug|Any CPU.ActiveCfg = Debug|Any CPU
		{CA305BB6-DC05-46BA-84C5-DAD77DAFA118}.Debug|Any CPU.Build.0 = Debug|Any CPU
		{CA305BB6-DC05-46BA-84C5-DAD77DAFA118}.Release|Any CPU.ActiveCfg = Release|Any CPU
		{CA305BB6-DC05-46BA-84C5-DAD77DAFA118}.Release|Any CPU.Build.0 = Release|Any CPU
		{F2E30E95-A701-48E1-B730-7B90C32872A4}.Debug|Any CPU.ActiveCfg = Debug|Any CPU
		{F2E30E95-A701-48E1-B730-7B90C32872A4}.Debug|Any CPU.Build.0 = Debug|Any CPU
		{F2E30E95-A701-48E1-B730-7B90C32872A4}.Release|Any CPU.ActiveCfg = Release|Any CPU
		{F2E30E95-A701-48E1-B730-7B90C32872A4}.Release|Any CPU.Build.0 = Release|Any CPU
		{DD844C43-ECD1-4904-B413-B2A8C09C1938}.Debug|Any CPU.ActiveCfg = Debug|Any CPU
		{DD844C43-ECD1-4904-B413-B2A8C09C1938}.Debug|Any CPU.Build.0 = Debug|Any CPU
		{DD844C43-ECD1-4904-B413-B2A8C09C1938}.Release|Any CPU.ActiveCfg = Release|Any CPU
		{DD844C43-ECD1-4904-B413-B2A8C09C1938}.Release|Any CPU.Build.0 = Release|Any CPU
		{62F77294-E2B4-491F-843B-4D5E1A7224A0}.Debug|Any CPU.ActiveCfg = Debug|Any CPU
		{62F77294-E2B4-491F-843B-4D5E1A7224A0}.Debug|Any CPU.Build.0 = Debug|Any CPU
		{62F77294-E2B4-491F-843B-4D5E1A7224A0}.Release|Any CPU.ActiveCfg = Release|Any CPU
		{62F77294-E2B4-491F-843B-4D5E1A7224A0}.Release|Any CPU.Build.0 = Release|Any CPU
	EndGlobalSection
	GlobalSection(SolutionProperties) = preSolution
		HideSolutionNode = FALSE
	EndGlobalSection
	GlobalSection(ExtensibilityGlobals) = postSolution
		SolutionGuid = {22CE79F6-3B84-4244-B28A-5445B027C4EB}
	EndGlobalSection
EndGlobal
